# This file is automatically @generated by Cargo.
# It is not intended for manual editing.
version = 4

[[package]]
name = "base64"
version = "0.1.1"

[[package]]
name = "json"
version = "0.1.1"
dependencies = [
 "base64",
]

[[package]]
name = "raft"
version = "0.1.1"
dependencies = [
 "json",
 "rand",
]

[[package]]
name = "rand"
version = "0.1.1"

[[package]]
name = "xtask"
version = "0.1.1"
dependencies = [
 "json",
]
